
Microsoft Visual Studio Solution File, Format Version 12.00
# Visual Studio Version 17
VisualStudioVersion = 17.3.32922.545
MinimumVisualStudioVersion = 10.0.40219.1
Project("{FAE04EC0-301F-11D3-BF4B-00C04F79EFBC}") = "Pract3", "Pract3.csproj", "{3E08458D-85EF-44FD-A483-345A0FD8960E}"
EndProject
Global
	GlobalSection(SolutionConfigurationPlatforms) = preSolution
		Debug|Any CPU = Debug|Any CPU
		Release|Any CPU = Release|Any CPU
	EndGlobalSection
	GlobalSection(ProjectConfigurationPlatforms) = postSolution
		{3E08458D-85EF-44FD-A483-345A0FD8960E}.Debug|Any CPU.ActiveCfg = Debug|Any CPU
		{3E08458D-85EF-44FD-A483-345A0FD8960E}.Debug|Any CPU.Build.0 = Debug|Any CPU
		{3E08458D-85EF-44FD-A483-345A0FD8960E}.Release|Any CPU.ActiveCfg = Release|Any CPU
		{3E08458D-85EF-44FD-A483-345A0FD8960E}.Release|Any CPU.Build.0 = Release|Any CPU
	EndGlobalSection
	GlobalSection(SolutionProperties) = preSolution
		HideSolutionNode = FALSE
	EndGlobalSection
	GlobalSection(ExtensibilityGlobals) = postSolution
		SolutionGuid = {F8C3896F-A45D-4334-A600-4E1190823C03}
	EndGlobalSection
EndGlobal
